// !$*UTF8*$!
{
	archiveVersion = 1;
	classes = {
	};
	objectVersion = 46;
	objects = {

/* Begin PBXBuildFile section */
		54722F6F1E3FCABB005980B2 /* AppDelegate.swift in Sources */ = {isa = PBXBuildFile; fileRef = 54722F6E1E3FCABB005980B2 /* AppDelegate.swift */; };
		54722F741E3FCABB005980B2 /* Main.storyboard in Resources */ = {isa = PBXBuildFile; fileRef = 54722F721E3FCABB005980B2 /* Main.storyboard */; };
		54722F761E3FCABB005980B2 /* Assets.xcassets in Resources */ = {isa = PBXBuildFile; fileRef = 54722F751E3FCABB005980B2 /* Assets.xcassets */; };
		54722F791E3FCABB005980B2 /* LaunchScreen.storyboard in Resources */ = {isa = PBXBuildFile; fileRef = 54722F771E3FCABB005980B2 /* LaunchScreen.storyboard */; };
		54722F811E3FCBE9005980B2 /* UsersTableViewController.swift in Sources */ = {isa = PBXBuildFile; fileRef = 54722F801E3FCBE9005980B2 /* UsersTableViewController.swift */; };
		54722F831E3FCBF7005980B2 /* NetworkController.swift in Sources */ = {isa = PBXBuildFile; fileRef = 54722F821E3FCBF7005980B2 /* NetworkController.swift */; };
		54722F851E3FCC52005980B2 /* PostsTableViewController.swift in Sources */ = {isa = PBXBuildFile; fileRef = 54722F841E3FCC52005980B2 /* PostsTableViewController.swift */; };
		54722F871E3FCDC0005980B2 /* User.swift in Sources */ = {isa = PBXBuildFile; fileRef = 54722F861E3FCDC0005980B2 /* User.swift */; };
		54722F8B1E3FD68C005980B2 /* Address.swift in Sources */ = {isa = PBXBuildFile; fileRef = 54722F8A1E3FD68C005980B2 /* Address.swift */; };
		54722F8D1E3FDAE0005980B2 /* UserController.swift in Sources */ = {isa = PBXBuildFile; fileRef = 54722F8C1E3FDAE0005980B2 /* UserController.swift */; };
		54722FEF1E4019AF005980B2 /* Post.swift in Sources */ = {isa = PBXBuildFile; fileRef = 54722FEE1E4019AF005980B2 /* Post.swift */; };
/* End PBXBuildFile section */

/* Begin PBXFileReference section */
		54722F6B1E3FCABB005980B2 /* UHaul-Project.app */ = {isa = PBXFileReference; explicitFileType = wrapper.application; includeInIndex = 0; path = "UHaul-Project.app"; sourceTree = BUILT_PRODUCTS_DIR; };
		54722F6E1E3FCABB005980B2 /* AppDelegate.swift */ = {isa = PBXFileReference; lastKnownFileType = sourcecode.swift; path = AppDelegate.swift; sourceTree = "<group>"; };
		54722F731E3FCABB005980B2 /* Base */ = {isa = PBXFileReference; lastKnownFileType = file.storyboard; name = Base; path = Base.lproj/Main.storyboard; sourceTree = "<group>"; };
		54722F751E3FCABB005980B2 /* Assets.xcassets */ = {isa = PBXFileReference; lastKnownFileType = folder.assetcatalog; path = Assets.xcassets; sourceTree = "<group>"; };
		54722F781E3FCABB005980B2 /* Base */ = {isa = PBXFileReference; lastKnownFileType = file.storyboard; name = Base; path = Base.lproj/LaunchScreen.storyboard; sourceTree = "<group>"; };
		54722F7A1E3FCABB005980B2 /* Info.plist */ = {isa = PBXFileReference; lastKnownFileType = text.plist.xml; path = Info.plist; sourceTree = "<group>"; };
		54722F801E3FCBE9005980B2 /* UsersTableViewController.swift */ = {isa = PBXFileReference; fileEncoding = 4; lastKnownFileType = sourcecode.swift; path = UsersTableViewController.swift; sourceTree = "<group>"; };
		54722F821E3FCBF7005980B2 /* NetworkController.swift */ = {isa = PBXFileReference; fileEncoding = 4; lastKnownFileType = sourcecode.swift; path = NetworkController.swift; sourceTree = "<group>"; };
		54722F841E3FCC52005980B2 /* PostsTableViewController.swift */ = {isa = PBXFileReference; fileEncoding = 4; lastKnownFileType = sourcecode.swift; path = PostsTableViewController.swift; sourceTree = "<group>"; };
		54722F861E3FCDC0005980B2 /* User.swift */ = {isa = PBXFileReference; fileEncoding = 4; lastKnownFileType = sourcecode.swift; path = User.swift; sourceTree = "<group>"; };
		54722F8A1E3FD68C005980B2 /* Address.swift */ = {isa = PBXFileReference; fileEncoding = 4; lastKnownFileType = sourcecode.swift; path = Address.swift; sourceTree = "<group>"; };
		54722F8C1E3FDAE0005980B2 /* UserController.swift */ = {isa = PBXFileReference; fileEncoding = 4; lastKnownFileType = sourcecode.swift; path = UserController.swift; sourceTree = "<group>"; };
		54722FEE1E4019AF005980B2 /* Post.swift */ = {isa = PBXFileReference; fileEncoding = 4; lastKnownFileType = sourcecode.swift; name = Post.swift; path = ../Post.swift; sourceTree = "<group>"; };
/* End PBXFileReference section */

/* Begin PBXFrameworksBuildPhase section */
		54722F681E3FCABB005980B2 /* Frameworks */ = {
			isa = PBXFrameworksBuildPhase;
			buildActionMask = 2147483647;
			files = (
			);
			runOnlyForDeploymentPostprocessing = 0;
		};
/* End PBXFrameworksBuildPhase section */

/* Begin PBXGroup section */
		54722F621E3FCABB005980B2 = {
			isa = PBXGroup;
			children = (
				54722F6D1E3FCABB005980B2 /* UHaul-Project */,
				54722F6C1E3FCABB005980B2 /* Products */,
			);
			sourceTree = "<group>";
		};
		54722F6C1E3FCABB005980B2 /* Products */ = {
			isa = PBXGroup;
			children = (
				54722F6B1E3FCABB005980B2 /* UHaul-Project.app */,
			);
			name = Products;
			sourceTree = "<group>";
		};
		54722F6D1E3FCABB005980B2 /* UHaul-Project */ = {
			isa = PBXGroup;
			children = (
				54722F6E1E3FCABB005980B2 /* AppDelegate.swift */,
				54722FEE1E4019AF005980B2 /* Post.swift */,
				54722F721E3FCABB005980B2 /* Main.storyboard */,
				54722F861E3FCDC0005980B2 /* User.swift */,
				54722F8A1E3FD68C005980B2 /* Address.swift */,
				54722F841E3FCC52005980B2 /* PostsTableViewController.swift */,
				54722F801E3FCBE9005980B2 /* UsersTableViewController.swift */,
				54722F821E3FCBF7005980B2 /* NetworkController.swift */,
				54722F8C1E3FDAE0005980B2 /* UserController.swift */,
				54722F751E3FCABB005980B2 /* Assets.xcassets */,
				54722F771E3FCABB005980B2 /* LaunchScreen.storyboard */,
				54722F7A1E3FCABB005980B2 /* Info.plist */,
			);
			path = "UHaul-Project";
			sourceTree = "<group>";
		};
/* End PBXGroup section */

/* Begin PBXNativeTarget section */
		54722F6A1E3FCABB005980B2 /* UHaul-Project */ = {
			isa = PBXNativeTarget;
			buildConfigurationList = 54722F7D1E3FCABB005980B2 /* Build configuration list for PBXNativeTarget "UHaul-Project" */;
			buildPhases = (
				54722F671E3FCABB005980B2 /* Sources */,
				54722F681E3FCABB005980B2 /* Frameworks */,
				54722F691E3FCABB005980B2 /* Resources */,
			);
			buildRules = (
			);
			dependencies = (
			);
			name = "UHaul-Project";
			productName = "UHaul-Project";
			productReference = 54722F6B1E3FCABB005980B2 /* UHaul-Project.app */;
			productType = "com.apple.product-type.application";
		};
/* End PBXNativeTarget section */

/* Begin PBXProject section */
		54722F631E3FCABB005980B2 /* Project object */ = {
			isa = PBXProject;
			attributes = {
				LastSwiftUpdateCheck = 0820;
				LastUpgradeCheck = 0820;
				ORGANIZATIONNAME = Youcef;
				TargetAttributes = {
					54722F6A1E3FCABB005980B2 = {
						CreatedOnToolsVersion = 8.2.1;
						DevelopmentTeam = 35BSF5Q65S;
						ProvisioningStyle = Automatic;
					};
				};
			};
			buildConfigurationList = 54722F661E3FCABB005980B2 /* Build configuration list for PBXProject "UHaul-Project" */;
			compatibilityVersion = "Xcode 3.2";
			developmentRegion = English;
			hasScannedForEncodings = 0;
			knownRegions = (
				en,
				Base,
			);
			mainGroup = 54722F621E3FCABB005980B2;
			productRefGroup = 54722F6C1E3FCABB005980B2 /* Products */;
			projectDirPath = "";
			projectRoot = "";
			targets = (
				54722F6A1E3FCABB005980B2 /* UHaul-Project */,
			);
		};
/* End PBXProject section */

/* Begin PBXResourcesBuildPhase section */
		54722F691E3FCABB005980B2 /* Resources */ = {
			isa = PBXResourcesBuildPhase;
			buildActionMask = 2147483647;
			files = (
				54722F791E3FCABB005980B2 /* LaunchScreen.storyboard in Resources */,
				54722F761E3FCABB005980B2 /* Assets.xcassets in Resources */,
				54722F741E3FCABB005980B2 /* Main.storyboard in Resources */,
			);
			runOnlyForDeploymentPostprocessing = 0;
		};
/* End PBXResourcesBuildPhase section */

/* Begin PBXSourcesBuildPhase section */
		54722F671E3FCABB005980B2 /* Sources */ = {
			isa = PBXSourcesBuildPhase;
			buildActionMask = 2147483647;
			files = (
				54722F8B1E3FD68C005980B2 /* Address.swift in Sources */,
				54722F811E3FCBE9005980B2 /* UsersTableViewController.swift in Sources */,
				54722F851E3FCC52005980B2 /* PostsTableViewController.swift in Sources */,
				54722FEF1E4019AF005980B2 /* Post.swift in Sources */,
				54722F6F1E3FCABB005980B2 /* AppDelegate.swift in Sources */,
				54722F8D1E3FDAE0005980B2 /* UserController.swift in Sources */,
				54722F871E3FCDC0005980B2 /* User.swift in Sources */,
				54722F831E3FCBF7005980B2 /* NetworkController.swift in Sources */,
			);
			runOnlyForDeploymentPostprocessing = 0;
		};
/* End PBXSourcesBuildPhase section */

/* Begin PBXVariantGroup section */
		54722F721E3FCABB005980B2 /* Main.storyboard */ = {
			isa = PBXVariantGroup;
			children = (
				54722F731E3FCABB005980B2 /* Base */,
			);
			name = Main.storyboard;
			sourceTree = "<group>";
		};
		54722F771E3FCABB005980B2 /* LaunchScreen.storyboard */ = {
			isa = PBXVariantGroup;
			children = (
				54722F781E3FCABB005980B2 /* Base */,
			);
			name = LaunchScreen.storyboard;
			sourceTree = "<group>";
		};
/* End PBXVariantGroup section */

/* Begin XCBuildConfiguration section */
		54722F7B1E3FCABB005980B2 /* Debug */ = {
			isa = XCBuildConfiguration;
			buildSettings = {
				ALWAYS_SEARCH_USER_PATHS = NO;
				CLANG_ANALYZER_NONNULL = YES;
				CLANG_CXX_LANGUAGE_STANDARD = "gnu++0x";
				CLANG_CXX_LIBRARY = "libc++";
				CLANG_ENABLE_MODULES = YES;
				CLANG_ENABLE_OBJC_ARC = YES;
				CLANG_WARN_BOOL_CONVERSION = YES;
				CLANG_WARN_CONSTANT_CONVERSION = YES;
				CLANG_WARN_DIRECT_OBJC_ISA_USAGE = YES_ERROR;
				CLANG_WARN_DOCUMENTATION_COMMENTS = YES;
				CLANG_WARN_EMPTY_BODY = YES;
				CLANG_WARN_ENUM_CONVERSION = YES;
				CLANG_WARN_INFINITE_RECURSION = YES;
				CLANG_WARN_INT_CONVERSION = YES;
				CLANG_WARN_OBJC_ROOT_CLASS = YES_ERROR;
				CLANG_WARN_SUSPICIOUS_MOVE = YES;
				CLANG_WARN_UNREACHABLE_CODE = YES;
				CLANG_WARN__DUPLICATE_METHOD_MATCH = YES;
				"CODE_SIGN_IDENTITY[sdk=iphoneos*]" = "iPhone Developer";
				COPY_PHASE_STRIP = NO;
				DEBUG_INFORMATION_FORMAT = dwarf;
				ENABLE_STRICT_OBJC_MSGSEND = YES;
				ENABLE_TESTABILITY = YES;
				GCC_C_LANGUAGE_STANDARD = gnu99;
				GCC_DYNAMIC_NO_PIC = NO;
				GCC_NO_COMMON_BLOCKS = YES;
				GCC_OPTIMIZATION_LEVEL = 0;
				GCC_PREPROCESSOR_DEFINITIONS = (
					"DEBUG=1",
					"$(inherited)",
				);
				GCC_WARN_64_TO_32_BIT_CONVERSION = YES;
				GCC_WARN_ABOUT_RETURN_TYPE = YES_ERROR;
				GCC_WARN_UNDECLARED_SELECTOR = YES;
				GCC_WARN_UNINITIALIZED_AUTOS = YES_AGGRESSIVE;
				GCC_WARN_UNUSED_FUNCTION = YES;
				GCC_WARN_UNUSED_VARIABLE = YES;
				IPHONEOS_DEPLOYMENT_TARGET = 10.2;
				MTL_ENABLE_DEBUG_INFO = YES;
				ONLY_ACTIVE_ARCH = YES;
				SDKROOT = iphoneos;
				SWIFT_ACTIVE_COMPILATION_CONDITIONS = DEBUG;
				SWIFT_OPTIMIZATION_LEVEL = "-Onone";
			};
			name = Debug;
		};
		54722F7C1E3FCABB005980B2 /* Release */ = {
			isa = XCBuildConfiguration;
			buildSettings = {
				ALWAYS_SEARCH_USER_PATHS = NO;
				CLANG_ANALYZER_NONNULL = YES;
				CLANG_CXX_LANGUAGE_STANDARD = "gnu++0x";
				CLANG_CXX_LIBRARY = "libc++";
				CLANG_ENABLE_MODULES = YES;
				CLANG_ENABLE_OBJC_ARC = YES;
				CLANG_WARN_BOOL_CONVERSION = YES;
				CLANG_WARN_CONSTANT_CONVERSION = YES;
				CLANG_WARN_DIRECT_OBJC_ISA_USAGE = YES_ERROR;
				CLANG_WARN_DOCUMENTATION_COMMENTS = YES;
				CLANG_WARN_EMPTY_BODY = YES;
				CLANG_WARN_ENUM_CONVERSION = YES;
				CLANG_WARN_INFINITE_RECURSION = YES;
				CLANG_WARN_INT_CONVERSION = YES;
				CLANG_WARN_OBJC_ROOT_CLASS = YES_ERROR;
				CLANG_WARN_SUSPICIOUS_MOVE = YES;
				CLANG_WARN_UNREACHABLE_CODE = YES;
				CLANG_WARN__DUPLICATE_METHOD_MATCH = YES;
				"CODE_SIGN_IDENTITY[sdk=iphoneos*]" = "iPhone Developer";
				COPY_PHASE_STRIP = NO;
				DEBUG_INFORMATION_FORMAT = "dwarf-with-dsym";
				ENABLE_NS_ASSERTIONS = NO;
				ENABLE_STRICT_OBJC_MSGSEND = YES;
				GCC_C_LANGUAGE_STANDARD = gnu99;
				GCC_NO_COMMON_BLOCKS = YES;
				GCC_WARN_64_TO_32_BIT_CONVERSION = YES;
				GCC_WARN_ABOUT_RETURN_TYPE = YES_ERROR;
				GCC_WARN_UNDECLARED_SELECTOR = YES;
				GCC_WARN_UNINITIALIZED_AUTOS = YES_AGGRESSIVE;
				GCC_WARN_UNUSED_FUNCTION = YES;
				GCC_WARN_UNUSED_VARIABLE = YES;
				IPHONEOS_DEPLOYMENT_TARGET = 10.2;
				MTL_ENABLE_DEBUG_INFO = NO;
				SDKROOT = iphoneos;
				SWIFT_OPTIMIZATION_LEVEL = "-Owholemodule";
				VALIDATE_PRODUCT = YES;
			};
			name = Release;
		};
		54722F7E1E3FCABB005980B2 /* Debug */ = {
			isa = XCBuildConfiguration;
			buildSettings = {
				ASSETCATALOG_COMPILER_APPICON_NAME = AppIcon;
				DEVELOPMENT_TEAM = 35BSF5Q65S;
				INFOPLIST_FILE = "UHaul-Project/Info.plist";
				LD_RUNPATH_SEARCH_PATHS = "$(inherited) @executable_path/Frameworks";
				PRODUCT_BUNDLE_IDENTIFIER = "----------------com.sunnydaysolution.UHaul-Project";
				PRODUCT_NAME = "$(TARGET_NAME)";
				SWIFT_VERSION = 3.0;
			};
			name = Debug;
		};
		54722F7F1E3FCABB005980B2 /* Release */ = {
			isa = XCBuildConfiguration;
			buildSettings = {
				ASSETCATALOG_COMPILER_APPICON_NAME = AppIcon;
				DEVELOPMENT_TEAM = 35BSF5Q65S;
				INFOPLIST_FILE = "UHaul-Project/Info.plist";
				LD_RUNPATH_SEARCH_PATHS = "$(inherited) @executable_path/Frameworks";
				PRODUCT_BUNDLE_IDENTIFIER = "----------------com.sunnydaysolution.UHaul-Project";
				PRODUCT_NAME = "$(TARGET_NAME)";
				SWIFT_VERSION = 3.0;
			};
			name = Release;
		};
/* End XCBuildConfiguration section */

/* Begin XCConfigurationList section */
		54722F661E3FCABB005980B2 /* Build configuration list for PBXProject "UHaul-Project" */ = {
			isa = XCConfigurationList;
			buildConfigurations = (
				54722F7B1E3FCABB005980B2 /* Debug */,
				54722F7C1E3FCABB005980B2 /* Release */,
			);
			defaultConfigurationIsVisible = 0;
			defaultConfigurationName = Release;
		};
		54722F7D1E3FCABB005980B2 /* Build configuration list for PBXNativeTarget "UHaul-Project" */ = {
			isa = XCConfigurationList;
			buildConfigurations = (
				54722F7E1E3FCABB005980B2 /* Debug */,
				54722F7F1E3FCABB005980B2 /* Release */,
			);
			defaultConfigurationIsVisible = 0;
			defaultConfigurationName = Release;
		};
/* End XCConfigurationList section */
	};
	rootObject = 54722F631E3FCABB005980B2 /* Project object */;
}
